
Microsoft Visual Studio Solution File, Format Version 12.00
# Visual Studio Version 17
VisualStudioVersion = 17.4.33103.184
MinimumVisualStudioVersion = 10.0.40219.1
Project("{9A19103F-16F7-4668-BE54-9A1E7A4F7556}") = "BlogCity", "BlogCity\BlogCity.csproj", "{C93DB3EE-10B4-441B-A95C-EF5E4C389792}"
EndProject
Global
	GlobalSection(SolutionConfigurationPlatforms) = preSolution
		Debug|Any CPU = Debug|Any CPU
		Release|Any CPU = Release|Any CPU
	EndGlobalSection
	GlobalSection(ProjectConfigurationPlatforms) = postSolution
		{C93DB3EE-10B4-441B-A95C-EF5E4C389792}.Debug|Any CPU.ActiveCfg = Debug|Any CPU
		{C93DB3EE-10B4-441B-A95C-EF5E4C389792}.Debug|Any CPU.Build.0 = Debug|Any CPU
		{C93DB3EE-10B4-441B-A95C-EF5E4C389792}.Release|Any CPU.ActiveCfg = Release|Any CPU
		{C93DB3EE-10B4-441B-A95C-EF5E4C389792}.Release|Any CPU.Build.0 = Release|Any CPU
	EndGlobalSection
	GlobalSection(SolutionProperties) = preSolution
		HideSolutionNode = FALSE
	EndGlobalSection
	GlobalSection(ExtensibilityGlobals) = postSolution
		SolutionGuid = {7FF2558D-AD0E-4E51-BF0A-B27537B2E02E}
	EndGlobalSection
EndGlobal
